
Microsoft Visual Studio Solution File, Format Version 12.00
# Visual Studio Version 16
VisualStudioVersion = 16.0.30907.101
MinimumVisualStudioVersion = 10.0.40219.1
Project("{9A19103F-16F7-4668-BE54-9A1E7A4F7556}") = "Gerayis", "Gerayis\Gerayis.csproj", "{49F5ABD2-414C-49E7-B7D0-FB8C5546598E}"
EndProject
Project("{FAE04EC0-301F-11D3-BF4B-00C04F79EFBC}") = "Xalyus Updater", "Xalyus Updater\Xalyus Updater.csproj", "{C3B25887-CE2D-4FAF-9B7B-FF9F16BA4F00}"
EndProject
Global
	GlobalSection(SolutionConfigurationPlatforms) = preSolution
		Debug|Any CPU = Debug|Any CPU
		Release|Any CPU = Release|Any CPU
	EndGlobalSection
	GlobalSection(ProjectConfigurationPlatforms) = postSolution
		{49F5ABD2-414C-49E7-B7D0-FB8C5546598E}.Debug|Any CPU.ActiveCfg = Debug|Any CPU
		{49F5ABD2-414C-49E7-B7D0-FB8C5546598E}.Debug|Any CPU.Build.0 = Debug|Any CPU
		{49F5ABD2-414C-49E7-B7D0-FB8C5546598E}.Release|Any CPU.ActiveCfg = Release|Any CPU
		{49F5ABD2-414C-49E7-B7D0-FB8C5546598E}.Release|Any CPU.Build.0 = Release|Any CPU
		{C3B25887-CE2D-4FAF-9B7B-FF9F16BA4F00}.Debug|Any CPU.ActiveCfg = Debug|Any CPU
		{C3B25887-CE2D-4FAF-9B7B-FF9F16BA4F00}.Debug|Any CPU.Build.0 = Debug|Any CPU
		{C3B25887-CE2D-4FAF-9B7B-FF9F16BA4F00}.Release|Any CPU.ActiveCfg = Release|Any CPU
		{C3B25887-CE2D-4FAF-9B7B-FF9F16BA4F00}.Release|Any CPU.Build.0 = Release|Any CPU
	EndGlobalSection
	GlobalSection(SolutionProperties) = preSolution
		HideSolutionNode = FALSE
	EndGlobalSection
	GlobalSection(ExtensibilityGlobals) = postSolution
		SolutionGuid = {C2D63435-D5F4-4E7B-AC97-B844ECBC335E}
	EndGlobalSection
EndGlobal
